
Microsoft Visual Studio Solution File, Format Version 12.00
# Visual Studio 15
VisualStudioVersion = 15.0.28307.106
MinimumVisualStudioVersion = 10.0.40219.1
Project("{9A19103F-16F7-4668-BE54-9A1E7A4F7556}") = "pas_pertamina", "pas_pertamina.csproj", "{A6FF4CD7-7471-4B03-8EC8-5377D4B4E276}"
EndProject
Global
	GlobalSection(SolutionConfigurationPlatforms) = preSolution
		Debug|Any CPU = Debug|Any CPU
		Release|Any CPU = Release|Any CPU
	EndGlobalSection
	GlobalSection(ProjectConfigurationPlatforms) = postSolution
		{A6FF4CD7-7471-4B03-8EC8-5377D4B4E276}.Debug|Any CPU.ActiveCfg = Debug|Any CPU
		{A6FF4CD7-7471-4B03-8EC8-5377D4B4E276}.Debug|Any CPU.Build.0 = Debug|Any CPU
		{A6FF4CD7-7471-4B03-8EC8-5377D4B4E276}.Release|Any CPU.ActiveCfg = Release|Any CPU
		{A6FF4CD7-7471-4B03-8EC8-5377D4B4E276}.Release|Any CPU.Build.0 = Release|Any CPU
	EndGlobalSection
	GlobalSection(SolutionProperties) = preSolution
		HideSolutionNode = FALSE
	EndGlobalSection
	GlobalSection(ExtensibilityGlobals) = postSolution
		SolutionGuid = {03580168-128A-43BD-AEBE-95383E0F7111}
	EndGlobalSection
EndGlobal
